// !$*UTF8*$!
{
	archiveVersion = 1;
	classes = {
	};
	objectVersion = 50;
	objects = {

/* Begin PBXBuildFile section */
		9CCC93CE2304FBCE00DE3B2B /* AppDelegate.swift in Sources */ = {isa = PBXBuildFile; fileRef = 9CCC93CD2304FBCE00DE3B2B /* AppDelegate.swift */; };
		9CCC93D02304FBCE00DE3B2B /* ViewController.swift in Sources */ = {isa = PBXBuildFile; fileRef = 9CCC93CF2304FBCE00DE3B2B /* ViewController.swift */; };
		9CCC93D32304FBCE00DE3B2B /* Main.storyboard in Resources */ = {isa = PBXBuildFile; fileRef = 9CCC93D12304FBCE00DE3B2B /* Main.storyboard */; };
		9CCC93D52304FBCF00DE3B2B /* Assets.xcassets in Resources */ = {isa = PBXBuildFile; fileRef = 9CCC93D42304FBCF00DE3B2B /* Assets.xcassets */; };
		9CCC93D82304FBCF00DE3B2B /* LaunchScreen.storyboard in Resources */ = {isa = PBXBuildFile; fileRef = 9CCC93D62304FBCF00DE3B2B /* LaunchScreen.storyboard */; };
		9CCC93E22304FC3500DE3B2B /* iTermBacktraceFrame.m in Sources */ = {isa = PBXBuildFile; fileRef = 9CCC93E12304FC3500DE3B2B /* iTermBacktraceFrame.m */; };
		9CCC93E52304FC3E00DE3B2B /* iTermBacktrace.mm in Sources */ = {isa = PBXBuildFile; fileRef = 9CCC93E42304FC3E00DE3B2B /* iTermBacktrace.mm */; };
/* End PBXBuildFile section */

/* Begin PBXFileReference section */
		9CCC93CA2304FBCE00DE3B2B /* BackTrace.app */ = {isa = PBXFileReference; explicitFileType = wrapper.application; includeInIndex = 0; path = BackTrace.app; sourceTree = BUILT_PRODUCTS_DIR; };
		9CCC93CD2304FBCE00DE3B2B /* AppDelegate.swift */ = {isa = PBXFileReference; lastKnownFileType = sourcecode.swift; path = AppDelegate.swift; sourceTree = "<group>"; };
		9CCC93CF2304FBCE00DE3B2B /* ViewController.swift */ = {isa = PBXFileReference; lastKnownFileType = sourcecode.swift; path = ViewController.swift; sourceTree = "<group>"; };
		9CCC93D22304FBCE00DE3B2B /* Base */ = {isa = PBXFileReference; lastKnownFileType = file.storyboard; name = Base; path = Base.lproj/Main.storyboard; sourceTree = "<group>"; };
		9CCC93D42304FBCF00DE3B2B /* Assets.xcassets */ = {isa = PBXFileReference; lastKnownFileType = folder.assetcatalog; path = Assets.xcassets; sourceTree = "<group>"; };
		9CCC93D72304FBCF00DE3B2B /* Base */ = {isa = PBXFileReference; lastKnownFileType = file.storyboard; name = Base; path = Base.lproj/LaunchScreen.storyboard; sourceTree = "<group>"; };
		9CCC93D92304FBCF00DE3B2B /* Info.plist */ = {isa = PBXFileReference; lastKnownFileType = text.plist.xml; path = Info.plist; sourceTree = "<group>"; };
		9CCC93DF2304FC3400DE3B2B /* BackTrace-Bridging-Header.h */ = {isa = PBXFileReference; lastKnownFileType = sourcecode.c.h; path = "BackTrace-Bridging-Header.h"; sourceTree = "<group>"; };
		9CCC93E02304FC3400DE3B2B /* iTermBacktraceFrame.h */ = {isa = PBXFileReference; fileEncoding = 4; lastKnownFileType = sourcecode.c.h; path = iTermBacktraceFrame.h; sourceTree = "<group>"; };
		9CCC93E12304FC3500DE3B2B /* iTermBacktraceFrame.m */ = {isa = PBXFileReference; fileEncoding = 4; lastKnownFileType = sourcecode.c.objc; path = iTermBacktraceFrame.m; sourceTree = "<group>"; };
		9CCC93E32304FC3E00DE3B2B /* iTermBacktrace.h */ = {isa = PBXFileReference; fileEncoding = 4; lastKnownFileType = sourcecode.c.h; path = iTermBacktrace.h; sourceTree = "<group>"; };
		9CCC93E42304FC3E00DE3B2B /* iTermBacktrace.mm */ = {isa = PBXFileReference; fileEncoding = 4; lastKnownFileType = sourcecode.cpp.objcpp; path = iTermBacktrace.mm; sourceTree = "<group>"; };
/* End PBXFileReference section */

/* Begin PBXFrameworksBuildPhase section */
		9CCC93C72304FBCE00DE3B2B /* Frameworks */ = {
			isa = PBXFrameworksBuildPhase;
			buildActionMask = 2147483647;
			files = (
			);
			runOnlyForDeploymentPostprocessing = 0;
		};
/* End PBXFrameworksBuildPhase section */

/* Begin PBXGroup section */
		9CCC93C12304FBCE00DE3B2B = {
			isa = PBXGroup;
			children = (
				9CCC93CC2304FBCE00DE3B2B /* BackTrace */,
				9CCC93CB2304FBCE00DE3B2B /* Products */,
			);
			sourceTree = "<group>";
		};
		9CCC93CB2304FBCE00DE3B2B /* Products */ = {
			isa = PBXGroup;
			children = (
				9CCC93CA2304FBCE00DE3B2B /* BackTrace.app */,
			);
			name = Products;
			sourceTree = "<group>";
		};
		9CCC93CC2304FBCE00DE3B2B /* BackTrace */ = {
			isa = PBXGroup;
			children = (
				9CCC93E02304FC3400DE3B2B /* iTermBacktraceFrame.h */,
				9CCC93E42304FC3E00DE3B2B /* iTermBacktrace.mm */,
				9CCC93E32304FC3E00DE3B2B /* iTermBacktrace.h */,
				9CCC93E12304FC3500DE3B2B /* iTermBacktraceFrame.m */,
				9CCC93CD2304FBCE00DE3B2B /* AppDelegate.swift */,
				9CCC93CF2304FBCE00DE3B2B /* ViewController.swift */,
				9CCC93D12304FBCE00DE3B2B /* Main.storyboard */,
				9CCC93D42304FBCF00DE3B2B /* Assets.xcassets */,
				9CCC93D62304FBCF00DE3B2B /* LaunchScreen.storyboard */,
				9CCC93D92304FBCF00DE3B2B /* Info.plist */,
				9CCC93DF2304FC3400DE3B2B /* BackTrace-Bridging-Header.h */,
			);
			path = BackTrace;
			sourceTree = "<group>";
		};
/* End PBXGroup section */

/* Begin PBXNativeTarget section */
		9CCC93C92304FBCE00DE3B2B /* BackTrace */ = {
			isa = PBXNativeTarget;
			buildConfigurationList = 9CCC93DC2304FBCF00DE3B2B /* Build configuration list for PBXNativeTarget "BackTrace" */;
			buildPhases = (
				9CCC93C62304FBCE00DE3B2B /* Sources */,
				9CCC93C72304FBCE00DE3B2B /* Frameworks */,
				9CCC93C82304FBCE00DE3B2B /* Resources */,
			);
			buildRules = (
			);
			dependencies = (
			);
			name = BackTrace;
			productName = BackTrace;
			productReference = 9CCC93CA2304FBCE00DE3B2B /* BackTrace.app */;
			productType = "com.apple.product-type.application";
		};
/* End PBXNativeTarget section */

/* Begin PBXProject section */
		9CCC93C22304FBCE00DE3B2B /* Project object */ = {
			isa = PBXProject;
			attributes = {
				LastSwiftUpdateCheck = 1020;
				LastUpgradeCheck = 1020;
				ORGANIZATIONNAME = roy;
				TargetAttributes = {
					9CCC93C92304FBCE00DE3B2B = {
						CreatedOnToolsVersion = 10.2;
						LastSwiftMigration = 1020;
					};
				};
			};
			buildConfigurationList = 9CCC93C52304FBCE00DE3B2B /* Build configuration list for PBXProject "BackTrace" */;
			compatibilityVersion = "Xcode 9.3";
			developmentRegion = en;
			hasScannedForEncodings = 0;
			knownRegions = (
				en,
				Base,
			);
			mainGroup = 9CCC93C12304FBCE00DE3B2B;
			productRefGroup = 9CCC93CB2304FBCE00DE3B2B /* Products */;
			projectDirPath = "";
			projectRoot = "";
			targets = (
				9CCC93C92304FBCE00DE3B2B /* BackTrace */,
			);
		};
/* End PBXProject section */

/* Begin PBXResourcesBuildPhase section */
		9CCC93C82304FBCE00DE3B2B /* Resources */ = {
			isa = PBXResourcesBuildPhase;
			buildActionMask = 2147483647;
			files = (
				9CCC93D82304FBCF00DE3B2B /* LaunchScreen.storyboard in Resources */,
				9CCC93D52304FBCF00DE3B2B /* Assets.xcassets in Resources */,
				9CCC93D32304FBCE00DE3B2B /* Main.storyboard in Resources */,
			);
			runOnlyForDeploymentPostprocessing = 0;
		};
/* End PBXResourcesBuildPhase section */

/* Begin PBXSourcesBuildPhase section */
		9CCC93C62304FBCE00DE3B2B /* Sources */ = {
			isa = PBXSourcesBuildPhase;
			buildActionMask = 2147483647;
			files = (
				9CCC93D02304FBCE00DE3B2B /* ViewController.swift in Sources */,
				9CCC93CE2304FBCE00DE3B2B /* AppDelegate.swift in Sources */,
				9CCC93E52304FC3E00DE3B2B /* iTermBacktrace.mm in Sources */,
				9CCC93E22304FC3500DE3B2B /* iTermBacktraceFrame.m in Sources */,
			);
			runOnlyForDeploymentPostprocessing = 0;
		};
/* End PBXSourcesBuildPhase section */

/* Begin PBXVariantGroup section */
		9CCC93D12304FBCE00DE3B2B /* Main.storyboard */ = {
			isa = PBXVariantGroup;
			children = (
				9CCC93D22304FBCE00DE3B2B /* Base */,
			);
			name = Main.storyboard;
			sourceTree = "<group>";
		};
		9CCC93D62304FBCF00DE3B2B /* LaunchScreen.storyboard */ = {
			isa = PBXVariantGroup;
			children = (
				9CCC93D72304FBCF00DE3B2B /* Base */,
			);
			name = LaunchScreen.storyboard;
			sourceTree = "<group>";
		};
/* End PBXVariantGroup section */

/* Begin XCBuildConfiguration section */
		9CCC93DA2304FBCF00DE3B2B /* Debug */ = {
			isa = XCBuildConfiguration;
			buildSettings = {
				ALWAYS_SEARCH_USER_PATHS = NO;
				CLANG_ANALYZER_NONNULL = YES;
				CLANG_ANALYZER_NUMBER_OBJECT_CONVERSION = YES_AGGRESSIVE;
				CLANG_CXX_LANGUAGE_STANDARD = "gnu++14";
				CLANG_CXX_LIBRARY = "libc++";
				CLANG_ENABLE_MODULES = YES;
				CLANG_ENABLE_OBJC_ARC = YES;
				CLANG_ENABLE_OBJC_WEAK = YES;
				CLANG_WARN_BLOCK_CAPTURE_AUTORELEASING = YES;
				CLANG_WARN_BOOL_CONVERSION = YES;
				CLANG_WARN_COMMA = YES;
				CLANG_WARN_CONSTANT_CONVERSION = YES;
				CLANG_WARN_DEPRECATED_OBJC_IMPLEMENTATIONS = YES;
				CLANG_WARN_DIRECT_OBJC_ISA_USAGE = YES_ERROR;
				CLANG_WARN_DOCUMENTATION_COMMENTS = YES;
				CLANG_WARN_EMPTY_BODY = YES;
				CLANG_WARN_ENUM_CONVERSION = YES;
				CLANG_WARN_INFINITE_RECURSION = YES;
				CLANG_WARN_INT_CONVERSION = YES;
				CLANG_WARN_NON_LITERAL_NULL_CONVERSION = YES;
				CLANG_WARN_OBJC_IMPLICIT_RETAIN_SELF = YES;
				CLANG_WARN_OBJC_LITERAL_CONVERSION = YES;
				CLANG_WARN_OBJC_ROOT_CLASS = YES_ERROR;
				CLANG_WARN_RANGE_LOOP_ANALYSIS = YES;
				CLANG_WARN_STRICT_PROTOTYPES = YES;
				CLANG_WARN_SUSPICIOUS_MOVE = YES;
				CLANG_WARN_UNGUARDED_AVAILABILITY = YES_AGGRESSIVE;
				CLANG_WARN_UNREACHABLE_CODE = YES;
				CLANG_WARN__DUPLICATE_METHOD_MATCH = YES;
				CODE_SIGN_IDENTITY = "iPhone Developer";
				COPY_PHASE_STRIP = NO;
				DEBUG_INFORMATION_FORMAT = dwarf;
				ENABLE_STRICT_OBJC_MSGSEND = YES;
				ENABLE_TESTABILITY = YES;
				GCC_C_LANGUAGE_STANDARD = gnu11;
				GCC_DYNAMIC_NO_PIC = NO;
				GCC_NO_COMMON_BLOCKS = YES;
				GCC_OPTIMIZATION_LEVEL = 0;
				GCC_PREPROCESSOR_DEFINITIONS = (
					"DEBUG=1",
					"$(inherited)",
				);
				GCC_WARN_64_TO_32_BIT_CONVERSION = YES;
				GCC_WARN_ABOUT_RETURN_TYPE = YES_ERROR;
				GCC_WARN_UNDECLARED_SELECTOR = YES;
				GCC_WARN_UNINITIALIZED_AUTOS = YES_AGGRESSIVE;
				GCC_WARN_UNUSED_FUNCTION = YES;
				GCC_WARN_UNUSED_VARIABLE = YES;
				IPHONEOS_DEPLOYMENT_TARGET = 12.2;
				MTL_ENABLE_DEBUG_INFO = INCLUDE_SOURCE;
				MTL_FAST_MATH = YES;
				ONLY_ACTIVE_ARCH = YES;
				SDKROOT = iphoneos;
				SWIFT_ACTIVE_COMPILATION_CONDITIONS = DEBUG;
				SWIFT_OPTIMIZATION_LEVEL = "-Onone";
			};
			name = Debug;
		};
		9CCC93DB2304FBCF00DE3B2B /* Release */ = {
			isa = XCBuildConfiguration;
			buildSettings = {
				ALWAYS_SEARCH_USER_PATHS = NO;
				CLANG_ANALYZER_NONNULL = YES;
				CLANG_ANALYZER_NUMBER_OBJECT_CONVERSION = YES_AGGRESSIVE;
				CLANG_CXX_LANGUAGE_STANDARD = "gnu++14";
				CLANG_CXX_LIBRARY = "libc++";
				CLANG_ENABLE_MODULES = YES;
				CLANG_ENABLE_OBJC_ARC = YES;
				CLANG_ENABLE_OBJC_WEAK = YES;
				CLANG_WARN_BLOCK_CAPTURE_AUTORELEASING = YES;
				CLANG_WARN_BOOL_CONVERSION = YES;
				CLANG_WARN_COMMA = YES;
				CLANG_WARN_CONSTANT_CONVERSION = YES;
				CLANG_WARN_DEPRECATED_OBJC_IMPLEMENTATIONS = YES;
				CLANG_WARN_DIRECT_OBJC_ISA_USAGE = YES_ERROR;
				CLANG_WARN_DOCUMENTATION_COMMENTS = YES;
				CLANG_WARN_EMPTY_BODY = YES;
				CLANG_WARN_ENUM_CONVERSION = YES;
				CLANG_WARN_INFINITE_RECURSION = YES;
				CLANG_WARN_INT_CONVERSION = YES;
				CLANG_WARN_NON_LITERAL_NULL_CONVERSION = YES;
				CLANG_WARN_OBJC_IMPLICIT_RETAIN_SELF = YES;
				CLANG_WARN_OBJC_LITERAL_CONVERSION = YES;
				CLANG_WARN_OBJC_ROOT_CLASS = YES_ERROR;
				CLANG_WARN_RANGE_LOOP_ANALYSIS = YES;
				CLANG_WARN_STRICT_PROTOTYPES = YES;
				CLANG_WARN_SUSPICIOUS_MOVE = YES;
				CLANG_WARN_UNGUARDED_AVAILABILITY = YES_AGGRESSIVE;
				CLANG_WARN_UNREACHABLE_CODE = YES;
				CLANG_WARN__DUPLICATE_METHOD_MATCH = YES;
				CODE_SIGN_IDENTITY = "iPhone Developer";
				COPY_PHASE_STRIP = NO;
				DEBUG_INFORMATION_FORMAT = "dwarf-with-dsym";
				ENABLE_NS_ASSERTIONS = NO;
				ENABLE_STRICT_OBJC_MSGSEND = YES;
				GCC_C_LANGUAGE_STANDARD = gnu11;
				GCC_NO_COMMON_BLOCKS = YES;
				GCC_WARN_64_TO_32_BIT_CONVERSION = YES;
				GCC_WARN_ABOUT_RETURN_TYPE = YES_ERROR;
				GCC_WARN_UNDECLARED_SELECTOR = YES;
				GCC_WARN_UNINITIALIZED_AUTOS = YES_AGGRESSIVE;
				GCC_WARN_UNUSED_FUNCTION = YES;
				GCC_WARN_UNUSED_VARIABLE = YES;
				IPHONEOS_DEPLOYMENT_TARGET = 12.2;
				MTL_ENABLE_DEBUG_INFO = NO;
				MTL_FAST_MATH = YES;
				SDKROOT = iphoneos;
				SWIFT_COMPILATION_MODE = wholemodule;
				SWIFT_OPTIMIZATION_LEVEL = "-O";
				VALIDATE_PRODUCT = YES;
			};
			name = Release;
		};
		9CCC93DD2304FBCF00DE3B2B /* Debug */ = {
			isa = XCBuildConfiguration;
			buildSettings = {
				ASSETCATALOG_COMPILER_APPICON_NAME = AppIcon;
				CLANG_ENABLE_MODULES = YES;
				CODE_SIGN_STYLE = Automatic;
				DEVELOPMENT_TEAM = Y7BCF82NHQ;
				INFOPLIST_FILE = BackTrace/Info.plist;
				LD_RUNPATH_SEARCH_PATHS = (
					"$(inherited)",
					"@executable_path/Frameworks",
				);
				PRODUCT_BUNDLE_IDENTIFIER = com.roy.BackTrace;
				PRODUCT_NAME = "$(TARGET_NAME)";
				SWIFT_OBJC_BRIDGING_HEADER = "BackTrace/BackTrace-Bridging-Header.h";
				SWIFT_OPTIMIZATION_LEVEL = "-Onone";
				SWIFT_VERSION = 5.0;
				TARGETED_DEVICE_FAMILY = "1,2";
			};
			name = Debug;
		};
		9CCC93DE2304FBCF00DE3B2B /* Release */ = {
			isa = XCBuildConfiguration;
			buildSettings = {
				ASSETCATALOG_COMPILER_APPICON_NAME = AppIcon;
				CLANG_ENABLE_MODULES = YES;
				CODE_SIGN_STYLE = Automatic;
				DEVELOPMENT_TEAM = Y7BCF82NHQ;
				INFOPLIST_FILE = BackTrace/Info.plist;
				LD_RUNPATH_SEARCH_PATHS = (
					"$(inherited)",
					"@executable_path/Frameworks",
				);
				PRODUCT_BUNDLE_IDENTIFIER = com.roy.BackTrace;
				PRODUCT_NAME = "$(TARGET_NAME)";
				SWIFT_OBJC_BRIDGING_HEADER = "BackTrace/BackTrace-Bridging-Header.h";
				SWIFT_VERSION = 5.0;
				TARGETED_DEVICE_FAMILY = "1,2";
			};
			name = Release;
		};
/* End XCBuildConfiguration section */

/* Begin XCConfigurationList section */
		9CCC93C52304FBCE00DE3B2B /* Build configuration list for PBXProject "BackTrace" */ = {
			isa = XCConfigurationList;
			buildConfigurations = (
				9CCC93DA2304FBCF00DE3B2B /* Debug */,
				9CCC93DB2304FBCF00DE3B2B /* Release */,
			);
			defaultConfigurationIsVisible = 0;
			defaultConfigurationName = Release;
		};
		9CCC93DC2304FBCF00DE3B2B /* Build configuration list for PBXNativeTarget "BackTrace" */ = {
			isa = XCConfigurationList;
			buildConfigurations = (
				9CCC93DD2304FBCF00DE3B2B /* Debug */,
				9CCC93DE2304FBCF00DE3B2B /* Release */,
			);
			defaultConfigurationIsVisible = 0;
			defaultConfigurationName = Release;
		};
/* End XCConfigurationList section */
	};
	rootObject = 9CCC93C22304FBCE00DE3B2B /* Project object */;
}
